// !$*UTF8*$!
{
	archiveVersion = 1;
	classes = {
	};
	objectVersion = 46;
	objects = {

/* Begin PBXBuildFile section */
		26FB8BA91A5E8E000073DD8A /* AppDelegate.swift in Sources */ = {isa = PBXBuildFile; fileRef = 26FB8BA81A5E8E000073DD8A /* AppDelegate.swift */; };
		26FB8BAB1A5E8E000073DD8A /* ViewController.swift in Sources */ = {isa = PBXBuildFile; fileRef = 26FB8BAA1A5E8E000073DD8A /* ViewController.swift */; };
		26FB8BAE1A5E8E000073DD8A /* Main.storyboard in Resources */ = {isa = PBXBuildFile; fileRef = 26FB8BAC1A5E8E000073DD8A /* Main.storyboard */; };
		26FB8BB01A5E8E000073DD8A /* Images.xcassets in Resources */ = {isa = PBXBuildFile; fileRef = 26FB8BAF1A5E8E000073DD8A /* Images.xcassets */; };
		26FB8BB31A5E8E000073DD8A /* LaunchScreen.xib in Resources */ = {isa = PBXBuildFile; fileRef = 26FB8BB11A5E8E000073DD8A /* LaunchScreen.xib */; };
		26FB8BBF1A5E8E000073DD8A /* WebServiceCallsTests.swift in Sources */ = {isa = PBXBuildFile; fileRef = 26FB8BBE1A5E8E000073DD8A /* WebServiceCallsTests.swift */; };
		26FB8BCB1A5E8E420073DD8A /* APIHelper.swift in Sources */ = {isa = PBXBuildFile; fileRef = 26FB8BC91A5E8E420073DD8A /* APIHelper.swift */; };
		26FB8BCC1A5E8E420073DD8A /* APIUtilityHelper.swift in Sources */ = {isa = PBXBuildFile; fileRef = 26FB8BCA1A5E8E420073DD8A /* APIUtilityHelper.swift */; };
/* End PBXBuildFile section */

/* Begin PBXContainerItemProxy section */
		26FB8BB91A5E8E000073DD8A /* PBXContainerItemProxy */ = {
			isa = PBXContainerItemProxy;
			containerPortal = 26FB8B9B1A5E8E000073DD8A /* Project object */;
			proxyType = 1;
			remoteGlobalIDString = 26FB8BA21A5E8E000073DD8A;
			remoteInfo = WebServiceCalls;
		};
/* End PBXContainerItemProxy section */

/* Begin PBXFileReference section */
		26FB8BA31A5E8E000073DD8A /* WebServiceCalls.app */ = {isa = PBXFileReference; explicitFileType = wrapper.application; includeInIndex = 0; path = WebServiceCalls.app; sourceTree = BUILT_PRODUCTS_DIR; };
		26FB8BA71A5E8E000073DD8A /* Info.plist */ = {isa = PBXFileReference; lastKnownFileType = text.plist.xml; path = Info.plist; sourceTree = "<group>"; };
		26FB8BA81A5E8E000073DD8A /* AppDelegate.swift */ = {isa = PBXFileReference; lastKnownFileType = sourcecode.swift; path = AppDelegate.swift; sourceTree = "<group>"; };
		26FB8BAA1A5E8E000073DD8A /* ViewController.swift */ = {isa = PBXFileReference; lastKnownFileType = sourcecode.swift; path = ViewController.swift; sourceTree = "<group>"; };
		26FB8BAD1A5E8E000073DD8A /* Base */ = {isa = PBXFileReference; lastKnownFileType = file.storyboard; name = Base; path = Base.lproj/Main.storyboard; sourceTree = "<group>"; };
		26FB8BAF1A5E8E000073DD8A /* Images.xcassets */ = {isa = PBXFileReference; lastKnownFileType = folder.assetcatalog; path = Images.xcassets; sourceTree = "<group>"; };
		26FB8BB21A5E8E000073DD8A /* Base */ = {isa = PBXFileReference; lastKnownFileType = file.xib; name = Base; path = Base.lproj/LaunchScreen.xib; sourceTree = "<group>"; };
		26FB8BB81A5E8E000073DD8A /* WebServiceCallsTests.xctest */ = {isa = PBXFileReference; explicitFileType = wrapper.cfbundle; includeInIndex = 0; path = WebServiceCallsTests.xctest; sourceTree = BUILT_PRODUCTS_DIR; };
		26FB8BBD1A5E8E000073DD8A /* Info.plist */ = {isa = PBXFileReference; lastKnownFileType = text.plist.xml; path = Info.plist; sourceTree = "<group>"; };
		26FB8BBE1A5E8E000073DD8A /* WebServiceCallsTests.swift */ = {isa = PBXFileReference; lastKnownFileType = sourcecode.swift; path = WebServiceCallsTests.swift; sourceTree = "<group>"; };
		26FB8BC91A5E8E420073DD8A /* APIHelper.swift */ = {isa = PBXFileReference; fileEncoding = 4; lastKnownFileType = sourcecode.swift; path = APIHelper.swift; sourceTree = "<group>"; };
		26FB8BCA1A5E8E420073DD8A /* APIUtilityHelper.swift */ = {isa = PBXFileReference; fileEncoding = 4; lastKnownFileType = sourcecode.swift; path = APIUtilityHelper.swift; sourceTree = "<group>"; };
/* End PBXFileReference section */

/* Begin PBXFrameworksBuildPhase section */
		26FB8BA01A5E8E000073DD8A /* Frameworks */ = {
			isa = PBXFrameworksBuildPhase;
			buildActionMask = 2147483647;
			files = (
			);
			runOnlyForDeploymentPostprocessing = 0;
		};
		26FB8BB51A5E8E000073DD8A /* Frameworks */ = {
			isa = PBXFrameworksBuildPhase;
			buildActionMask = 2147483647;
			files = (
			);
			runOnlyForDeploymentPostprocessing = 0;
		};
/* End PBXFrameworksBuildPhase section */

/* Begin PBXGroup section */
		26FB8B9A1A5E8E000073DD8A = {
			isa = PBXGroup;
			children = (
				26FB8BA51A5E8E000073DD8A /* WebServiceCalls */,
				26FB8BBB1A5E8E000073DD8A /* WebServiceCallsTests */,
				26FB8BA41A5E8E000073DD8A /* Products */,
			);
			sourceTree = "<group>";
		};
		26FB8BA41A5E8E000073DD8A /* Products */ = {
			isa = PBXGroup;
			children = (
				26FB8BA31A5E8E000073DD8A /* WebServiceCalls.app */,
				26FB8BB81A5E8E000073DD8A /* WebServiceCallsTests.xctest */,
			);
			name = Products;
			sourceTree = "<group>";
		};
		26FB8BA51A5E8E000073DD8A /* WebServiceCalls */ = {
			isa = PBXGroup;
			children = (
				26FB8BC81A5E8E0E0073DD8A /* API_Helper */,
				26FB8BA81A5E8E000073DD8A /* AppDelegate.swift */,
				26FB8BAA1A5E8E000073DD8A /* ViewController.swift */,
				26FB8BAC1A5E8E000073DD8A /* Main.storyboard */,
				26FB8BAF1A5E8E000073DD8A /* Images.xcassets */,
				26FB8BB11A5E8E000073DD8A /* LaunchScreen.xib */,
				26FB8BA61A5E8E000073DD8A /* Supporting Files */,
			);
			path = WebServiceCalls;
			sourceTree = "<group>";
		};
		26FB8BA61A5E8E000073DD8A /* Supporting Files */ = {
			isa = PBXGroup;
			children = (
				26FB8BA71A5E8E000073DD8A /* Info.plist */,
			);
			name = "Supporting Files";
			sourceTree = "<group>";
		};
		26FB8BBB1A5E8E000073DD8A /* WebServiceCallsTests */ = {
			isa = PBXGroup;
			children = (
				26FB8BBE1A5E8E000073DD8A /* WebServiceCallsTests.swift */,
				26FB8BBC1A5E8E000073DD8A /* Supporting Files */,
			);
			path = WebServiceCallsTests;
			sourceTree = "<group>";
		};
		26FB8BBC1A5E8E000073DD8A /* Supporting Files */ = {
			isa = PBXGroup;
			children = (
				26FB8BBD1A5E8E000073DD8A /* Info.plist */,
			);
			name = "Supporting Files";
			sourceTree = "<group>";
		};
		26FB8BC81A5E8E0E0073DD8A /* API_Helper */ = {
			isa = PBXGroup;
			children = (
				26FB8BC91A5E8E420073DD8A /* APIHelper.swift */,
				26FB8BCA1A5E8E420073DD8A /* APIUtilityHelper.swift */,
			);
			name = API_Helper;
			sourceTree = "<group>";
		};
/* End PBXGroup section */

/* Begin PBXNativeTarget section */
		26FB8BA21A5E8E000073DD8A /* WebServiceCalls */ = {
			isa = PBXNativeTarget;
			buildConfigurationList = 26FB8BC21A5E8E000073DD8A /* Build configuration list for PBXNativeTarget "WebServiceCalls" */;
			buildPhases = (
				26FB8B9F1A5E8E000073DD8A /* Sources */,
				26FB8BA01A5E8E000073DD8A /* Frameworks */,
				26FB8BA11A5E8E000073DD8A /* Resources */,
			);
			buildRules = (
			);
			dependencies = (
			);
			name = WebServiceCalls;
			productName = WebServiceCalls;
			productReference = 26FB8BA31A5E8E000073DD8A /* WebServiceCalls.app */;
			productType = "com.apple.product-type.application";
		};
		26FB8BB71A5E8E000073DD8A /* WebServiceCallsTests */ = {
			isa = PBXNativeTarget;
			buildConfigurationList = 26FB8BC51A5E8E000073DD8A /* Build configuration list for PBXNativeTarget "WebServiceCallsTests" */;
			buildPhases = (
				26FB8BB41A5E8E000073DD8A /* Sources */,
				26FB8BB51A5E8E000073DD8A /* Frameworks */,
				26FB8BB61A5E8E000073DD8A /* Resources */,
			);
			buildRules = (
			);
			dependencies = (
				26FB8BBA1A5E8E000073DD8A /* PBXTargetDependency */,
			);
			name = WebServiceCallsTests;
			productName = WebServiceCallsTests;
			productReference = 26FB8BB81A5E8E000073DD8A /* WebServiceCallsTests.xctest */;
			productType = "com.apple.product-type.bundle.unit-test";
		};
/* End PBXNativeTarget section */

/* Begin PBXProject section */
		26FB8B9B1A5E8E000073DD8A /* Project object */ = {
			isa = PBXProject;
			attributes = {
				LastUpgradeCheck = 0610;
				ORGANIZATIONNAME = Sandeep;
				TargetAttributes = {
					26FB8BA21A5E8E000073DD8A = {
						CreatedOnToolsVersion = 6.1.1;
					};
					26FB8BB71A5E8E000073DD8A = {
						CreatedOnToolsVersion = 6.1.1;
						TestTargetID = 26FB8BA21A5E8E000073DD8A;
					};
				};
			};
			buildConfigurationList = 26FB8B9E1A5E8E000073DD8A /* Build configuration list for PBXProject "WebServiceCalls" */;
			compatibilityVersion = "Xcode 3.2";
			developmentRegion = English;
			hasScannedForEncodings = 0;
			knownRegions = (
				en,
				Base,
			);
			mainGroup = 26FB8B9A1A5E8E000073DD8A;
			productRefGroup = 26FB8BA41A5E8E000073DD8A /* Products */;
			projectDirPath = "";
			projectRoot = "";
			targets = (
				26FB8BA21A5E8E000073DD8A /* WebServiceCalls */,
				26FB8BB71A5E8E000073DD8A /* WebServiceCallsTests */,
			);
		};
/* End PBXProject section */

/* Begin PBXResourcesBuildPhase section */
		26FB8BA11A5E8E000073DD8A /* Resources */ = {
			isa = PBXResourcesBuildPhase;
			buildActionMask = 2147483647;
			files = (
				26FB8BAE1A5E8E000073DD8A /* Main.storyboard in Resources */,
				26FB8BB31A5E8E000073DD8A /* LaunchScreen.xib in Resources */,
				26FB8BB01A5E8E000073DD8A /* Images.xcassets in Resources */,
			);
			runOnlyForDeploymentPostprocessing = 0;
		};
		26FB8BB61A5E8E000073DD8A /* Resources */ = {
			isa = PBXResourcesBuildPhase;
			buildActionMask = 2147483647;
			files = (
			);
			runOnlyForDeploymentPostprocessing = 0;
		};
/* End PBXResourcesBuildPhase section */

/* Begin PBXSourcesBuildPhase section */
		26FB8B9F1A5E8E000073DD8A /* Sources */ = {
			isa = PBXSourcesBuildPhase;
			buildActionMask = 2147483647;
			files = (
				26FB8BCB1A5E8E420073DD8A /* APIHelper.swift in Sources */,
				26FB8BAB1A5E8E000073DD8A /* ViewController.swift in Sources */,
				26FB8BA91A5E8E000073DD8A /* AppDelegate.swift in Sources */,
				26FB8BCC1A5E8E420073DD8A /* APIUtilityHelper.swift in Sources */,
			);
			runOnlyForDeploymentPostprocessing = 0;
		};
		26FB8BB41A5E8E000073DD8A /* Sources */ = {
			isa = PBXSourcesBuildPhase;
			buildActionMask = 2147483647;
			files = (
				26FB8BBF1A5E8E000073DD8A /* WebServiceCallsTests.swift in Sources */,
			);
			runOnlyForDeploymentPostprocessing = 0;
		};
/* End PBXSourcesBuildPhase section */

/* Begin PBXTargetDependency section */
		26FB8BBA1A5E8E000073DD8A /* PBXTargetDependency */ = {
			isa = PBXTargetDependency;
			target = 26FB8BA21A5E8E000073DD8A /* WebServiceCalls */;
			targetProxy = 26FB8BB91A5E8E000073DD8A /* PBXContainerItemProxy */;
		};
/* End PBXTargetDependency section */

/* Begin PBXVariantGroup section */
		26FB8BAC1A5E8E000073DD8A /* Main.storyboard */ = {
			isa = PBXVariantGroup;
			children = (
				26FB8BAD1A5E8E000073DD8A /* Base */,
			);
			name = Main.storyboard;
			sourceTree = "<group>";
		};
		26FB8BB11A5E8E000073DD8A /* LaunchScreen.xib */ = {
			isa = PBXVariantGroup;
			children = (
				26FB8BB21A5E8E000073DD8A /* Base */,
			);
			name = LaunchScreen.xib;
			sourceTree = "<group>";
		};
/* End PBXVariantGroup section */

/* Begin XCBuildConfiguration section */
		26FB8BC01A5E8E000073DD8A /* Debug */ = {
			isa = XCBuildConfiguration;
			buildSettings = {
				ALWAYS_SEARCH_USER_PATHS = NO;
				CLANG_CXX_LANGUAGE_STANDARD = "gnu++0x";
				CLANG_CXX_LIBRARY = "libc++";
				CLANG_ENABLE_MODULES = YES;
				CLANG_ENABLE_OBJC_ARC = YES;
				CLANG_WARN_BOOL_CONVERSION = YES;
				CLANG_WARN_CONSTANT_CONVERSION = YES;
				CLANG_WARN_DIRECT_OBJC_ISA_USAGE = YES_ERROR;
				CLANG_WARN_EMPTY_BODY = YES;
				CLANG_WARN_ENUM_CONVERSION = YES;
				CLANG_WARN_INT_CONVERSION = YES;
				CLANG_WARN_OBJC_ROOT_CLASS = YES_ERROR;
				CLANG_WARN_UNREACHABLE_CODE = YES;
				CLANG_WARN__DUPLICATE_METHOD_MATCH = YES;
				"CODE_SIGN_IDENTITY[sdk=iphoneos*]" = "iPhone Developer";
				COPY_PHASE_STRIP = NO;
				ENABLE_STRICT_OBJC_MSGSEND = YES;
				GCC_C_LANGUAGE_STANDARD = gnu99;
				GCC_DYNAMIC_NO_PIC = NO;
				GCC_OPTIMIZATION_LEVEL = 0;
				GCC_PREPROCESSOR_DEFINITIONS = (
					"DEBUG=1",
					"$(inherited)",
				);
				GCC_SYMBOLS_PRIVATE_EXTERN = NO;
				GCC_WARN_64_TO_32_BIT_CONVERSION = YES;
				GCC_WARN_ABOUT_RETURN_TYPE = YES_ERROR;
				GCC_WARN_UNDECLARED_SELECTOR = YES;
				GCC_WARN_UNINITIALIZED_AUTOS = YES_AGGRESSIVE;
				GCC_WARN_UNUSED_FUNCTION = YES;
				GCC_WARN_UNUSED_VARIABLE = YES;
				IPHONEOS_DEPLOYMENT_TARGET = 8.1;
				MTL_ENABLE_DEBUG_INFO = YES;
				ONLY_ACTIVE_ARCH = YES;
				SDKROOT = iphoneos;
				SWIFT_OPTIMIZATION_LEVEL = "-Onone";
			};
			name = Debug;
		};
		26FB8BC11A5E8E000073DD8A /* Release */ = {
			isa = XCBuildConfiguration;
			buildSettings = {
				ALWAYS_SEARCH_USER_PATHS = NO;
				CLANG_CXX_LANGUAGE_STANDARD = "gnu++0x";
				CLANG_CXX_LIBRARY = "libc++";
				CLANG_ENABLE_MODULES = YES;
				CLANG_ENABLE_OBJC_ARC = YES;
				CLANG_WARN_BOOL_CONVERSION = YES;
				CLANG_WARN_CONSTANT_CONVERSION = YES;
				CLANG_WARN_DIRECT_OBJC_ISA_USAGE = YES_ERROR;
				CLANG_WARN_EMPTY_BODY = YES;
				CLANG_WARN_ENUM_CONVERSION = YES;
				CLANG_WARN_INT_CONVERSION = YES;
				CLANG_WARN_OBJC_ROOT_CLASS = YES_ERROR;
				CLANG_WARN_UNREACHABLE_CODE = YES;
				CLANG_WARN__DUPLICATE_METHOD_MATCH = YES;
				"CODE_SIGN_IDENTITY[sdk=iphoneos*]" = "iPhone Developer";
				COPY_PHASE_STRIP = YES;
				ENABLE_NS_ASSERTIONS = NO;
				ENABLE_STRICT_OBJC_MSGSEND = YES;
				GCC_C_LANGUAGE_STANDARD = gnu99;
				GCC_WARN_64_TO_32_BIT_CONVERSION = YES;
				GCC_WARN_ABOUT_RETURN_TYPE = YES_ERROR;
				GCC_WARN_UNDECLARED_SELECTOR = YES;
				GCC_WARN_UNINITIALIZED_AUTOS = YES_AGGRESSIVE;
				GCC_WARN_UNUSED_FUNCTION = YES;
				GCC_WARN_UNUSED_VARIABLE = YES;
				IPHONEOS_DEPLOYMENT_TARGET = 8.1;
				MTL_ENABLE_DEBUG_INFO = NO;
				SDKROOT = iphoneos;
				VALIDATE_PRODUCT = YES;
			};
			name = Release;
		};
		26FB8BC31A5E8E000073DD8A /* Debug */ = {
			isa = XCBuildConfiguration;
			buildSettings = {
				ASSETCATALOG_COMPILER_APPICON_NAME = AppIcon;
				INFOPLIST_FILE = WebServiceCalls/Info.plist;
				LD_RUNPATH_SEARCH_PATHS = "$(inherited) @executable_path/Frameworks";
				PRODUCT_NAME = "$(TARGET_NAME)";
			};
			name = Debug;
		};
		26FB8BC41A5E8E000073DD8A /* Release */ = {
			isa = XCBuildConfiguration;
			buildSettings = {
				ASSETCATALOG_COMPILER_APPICON_NAME = AppIcon;
				INFOPLIST_FILE = WebServiceCalls/Info.plist;
				LD_RUNPATH_SEARCH_PATHS = "$(inherited) @executable_path/Frameworks";
				PRODUCT_NAME = "$(TARGET_NAME)";
			};
			name = Release;
		};
		26FB8BC61A5E8E000073DD8A /* Debug */ = {
			isa = XCBuildConfiguration;
			buildSettings = {
				BUNDLE_LOADER = "$(TEST_HOST)";
				FRAMEWORK_SEARCH_PATHS = (
					"$(SDKROOT)/Developer/Library/Frameworks",
					"$(inherited)",
				);
				GCC_PREPROCESSOR_DEFINITIONS = (
					"DEBUG=1",
					"$(inherited)",
				);
				INFOPLIST_FILE = WebServiceCallsTests/Info.plist;
				LD_RUNPATH_SEARCH_PATHS = "$(inherited) @executable_path/Frameworks @loader_path/Frameworks";
				PRODUCT_NAME = "$(TARGET_NAME)";
				TEST_HOST = "$(BUILT_PRODUCTS_DIR)/WebServiceCalls.app/WebServiceCalls";
			};
			name = Debug;
		};
		26FB8BC71A5E8E000073DD8A /* Release */ = {
			isa = XCBuildConfiguration;
			buildSettings = {
				BUNDLE_LOADER = "$(TEST_HOST)";
				FRAMEWORK_SEARCH_PATHS = (
					"$(SDKROOT)/Developer/Library/Frameworks",
					"$(inherited)",
				);
				INFOPLIST_FILE = WebServiceCallsTests/Info.plist;
				LD_RUNPATH_SEARCH_PATHS = "$(inherited) @executable_path/Frameworks @loader_path/Frameworks";
				PRODUCT_NAME = "$(TARGET_NAME)";
				TEST_HOST = "$(BUILT_PRODUCTS_DIR)/WebServiceCalls.app/WebServiceCalls";
			};
			name = Release;
		};
/* End XCBuildConfiguration section */

/* Begin XCConfigurationList section */
		26FB8B9E1A5E8E000073DD8A /* Build configuration list for PBXProject "WebServiceCalls" */ = {
			isa = XCConfigurationList;
			buildConfigurations = (
				26FB8BC01A5E8E000073DD8A /* Debug */,
				26FB8BC11A5E8E000073DD8A /* Release */,
			);
			defaultConfigurationIsVisible = 0;
			defaultConfigurationName = Release;
		};
		26FB8BC21A5E8E000073DD8A /* Build configuration list for PBXNativeTarget "WebServiceCalls" */ = {
			isa = XCConfigurationList;
			buildConfigurations = (
				26FB8BC31A5E8E000073DD8A /* Debug */,
				26FB8BC41A5E8E000073DD8A /* Release */,
			);
			defaultConfigurationIsVisible = 0;
		};
		26FB8BC51A5E8E000073DD8A /* Build configuration list for PBXNativeTarget "WebServiceCallsTests" */ = {
			isa = XCConfigurationList;
			buildConfigurations = (
				26FB8BC61A5E8E000073DD8A /* Debug */,
				26FB8BC71A5E8E000073DD8A /* Release */,
			);
			defaultConfigurationIsVisible = 0;
		};
/* End XCConfigurationList section */
	};
	rootObject = 26FB8B9B1A5E8E000073DD8A /* Project object */;
}
